
Microsoft Visual Studio Solution File, Format Version 12.00
# Visual Studio 2015
Project("{FAE04EC0-301F-11D3-BF4B-00C04F79EFBC}") = "SwampJam.CSharp.Plugins", "SwampJam.CSharp.Plugins.csproj", "{69DC9B9B-F06D-B07C-9BE6-8590F6DFA157}"
EndProject
Project("{FAE04EC0-301F-11D3-BF4B-00C04F79EFBC}") = "SwampJam.CSharp", "SwampJam.CSharp.csproj", "{87CB905E-14B1-437A-ABFA-65BAD73BED9E}"
EndProject
Project("{FAE04EC0-301F-11D3-BF4B-00C04F79EFBC}") = "SwampJam.CSharp.Editor", "SwampJam.CSharp.Editor.csproj", "{49B29AF6-8826-434C-514A-D2FB394F1F39}"
EndProject
Global
	GlobalSection(SolutionConfigurationPlatforms) = preSolution
		Debug|Any CPU = Debug|Any CPU
		Release|Any CPU = Release|Any CPU
	EndGlobalSection
	GlobalSection(ProjectConfigurationPlatforms) = postSolution
		{69DC9B9B-F06D-B07C-9BE6-8590F6DFA157}.Debug|Any CPU.ActiveCfg = Debug|Any CPU
		{69DC9B9B-F06D-B07C-9BE6-8590F6DFA157}.Debug|Any CPU.Build.0 = Debug|Any CPU
		{69DC9B9B-F06D-B07C-9BE6-8590F6DFA157}.Release|Any CPU.ActiveCfg = Release|Any CPU
		{69DC9B9B-F06D-B07C-9BE6-8590F6DFA157}.Release|Any CPU.Build.0 = Release|Any CPU
		{87CB905E-14B1-437A-ABFA-65BAD73BED9E}.Debug|Any CPU.ActiveCfg = Debug|Any CPU
		{87CB905E-14B1-437A-ABFA-65BAD73BED9E}.Debug|Any CPU.Build.0 = Debug|Any CPU
		{87CB905E-14B1-437A-ABFA-65BAD73BED9E}.Release|Any CPU.ActiveCfg = Release|Any CPU
		{87CB905E-14B1-437A-ABFA-65BAD73BED9E}.Release|Any CPU.Build.0 = Release|Any CPU
		{49B29AF6-8826-434C-514A-D2FB394F1F39}.Debug|Any CPU.ActiveCfg = Debug|Any CPU
		{49B29AF6-8826-434C-514A-D2FB394F1F39}.Debug|Any CPU.Build.0 = Debug|Any CPU
		{49B29AF6-8826-434C-514A-D2FB394F1F39}.Release|Any CPU.ActiveCfg = Release|Any CPU
		{49B29AF6-8826-434C-514A-D2FB394F1F39}.Release|Any CPU.Build.0 = Release|Any CPU
	EndGlobalSection
	GlobalSection(SolutionProperties) = preSolution
		HideSolutionNode = FALSE
	EndGlobalSection
EndGlobal
